{
  "name": "astro-components",
  "version": "0.0.1",
  "lockfileVersion": 3,
  "requires": true,
  "packages": {
    "": {
      "name": "astro-components",
      "version": "0.0.1",
      "dependencies": {
        "@astrojs/check": "^0.4.1",
        "@astrojs/tailwind": "^5.1.0",
        "astro": "^4.3.1",
        "tailwindcss": "^3.4.1",
        "typescript": "^5.3.3"
      }
    }
  }
}
